
Microsoft Visual Studio Solution File, Format Version 12.00
# Visual Studio Version 17
VisualStudioVersion = 17.6.33723.286
MinimumVisualStudioVersion = 10.0.40219.1
Project("{9A19103F-16F7-4668-BE54-9A1E7A4F7556}") = "ECXHR_Service", "ECXHR_Service\ECXHR_Service.csproj", "{9C98CDE1-FEC0-4E8D-B052-DCAED085BE80}"
EndProject
Project("{2150E333-8FDC-42A3-9474-1A3956D46DE8}") = "src", "src", "{D3B0656C-7ABF-4AFC-B74C-22A868175E8E}"
EndProject
Project("{2150E333-8FDC-42A3-9474-1A3956D46DE8}") = "API", "API", "{E77231D1-99F5-4211-A00F-8D5D25FA9F68}"
EndProject
Project("{2150E333-8FDC-42A3-9474-1A3956D46DE8}") = "Core", "Core", "{605AC968-2A3A-4308-B922-3AB1B7282F39}"
	ProjectSection(SolutionItems) = preProject
		ECXHR_Service\WeatherForecast.cs = ECXHR_Service\WeatherForecast.cs
	EndProjectSection
EndProject
Project("{2150E333-8FDC-42A3-9474-1A3956D46DE8}") = "Infrastructure", "Infrastructure", "{ED61907B-B565-4E11-87B2-2319BB275088}"
EndProject
Project("{2150E333-8FDC-42A3-9474-1A3956D46DE8}") = "UI", "UI", "{BBE16F74-D936-45D8-B52B-FC62DCA4FCED}"
EndProject
Project("{9A19103F-16F7-4668-BE54-9A1E7A4F7556}") = "ECX.HR.Application", "ECX.HR.Application\ECX.HR.Application.csproj", "{0D03A2C8-5A85-47C3-B667-233C3703E29B}"
EndProject
Project("{9A19103F-16F7-4668-BE54-9A1E7A4F7556}") = "ECX.HR.Domain", "ECX.HR.Domain\ECX.HR.Domain.csproj", "{FB82B581-3408-4B41-8877-7AECF722D7A0}"
EndProject
Project("{9A19103F-16F7-4668-BE54-9A1E7A4F7556}") = "ECX.HR.Infrastructure", "ECX.HR.Infrastructure\ECX.HR.Infrastructure.csproj", "{641A8733-0DAA-47B0-BC13-CD3EAE86D4A9}"
EndProject
Project("{9A19103F-16F7-4668-BE54-9A1E7A4F7556}") = "ECX.HR.Persistence", "ECX.HR.Persistence\ECX.HR.Persistence.csproj", "{530316F3-A7A8-4D83-8E5B-C67B3E7E94A7}"
EndProject
Global
	GlobalSection(SolutionConfigurationPlatforms) = preSolution
		Debug|Any CPU = Debug|Any CPU
		Release|Any CPU = Release|Any CPU
	EndGlobalSection
	GlobalSection(ProjectConfigurationPlatforms) = postSolution
		{9C98CDE1-FEC0-4E8D-B052-DCAED085BE80}.Debug|Any CPU.ActiveCfg = Debug|Any CPU
		{9C98CDE1-FEC0-4E8D-B052-DCAED085BE80}.Debug|Any CPU.Build.0 = Debug|Any CPU
		{9C98CDE1-FEC0-4E8D-B052-DCAED085BE80}.Release|Any CPU.ActiveCfg = Release|Any CPU
		{9C98CDE1-FEC0-4E8D-B052-DCAED085BE80}.Release|Any CPU.Build.0 = Release|Any CPU
		{0D03A2C8-5A85-47C3-B667-233C3703E29B}.Debug|Any CPU.ActiveCfg = Debug|Any CPU
		{0D03A2C8-5A85-47C3-B667-233C3703E29B}.Debug|Any CPU.Build.0 = Debug|Any CPU
		{0D03A2C8-5A85-47C3-B667-233C3703E29B}.Release|Any CPU.ActiveCfg = Release|Any CPU
		{0D03A2C8-5A85-47C3-B667-233C3703E29B}.Release|Any CPU.Build.0 = Release|Any CPU
		{FB82B581-3408-4B41-8877-7AECF722D7A0}.Debug|Any CPU.ActiveCfg = Debug|Any CPU
		{FB82B581-3408-4B41-8877-7AECF722D7A0}.Debug|Any CPU.Build.0 = Debug|Any CPU
		{FB82B581-3408-4B41-8877-7AECF722D7A0}.Release|Any CPU.ActiveCfg = Release|Any CPU
		{FB82B581-3408-4B41-8877-7AECF722D7A0}.Release|Any CPU.Build.0 = Release|Any CPU
		{641A8733-0DAA-47B0-BC13-CD3EAE86D4A9}.Debug|Any CPU.ActiveCfg = Debug|Any CPU
		{641A8733-0DAA-47B0-BC13-CD3EAE86D4A9}.Debug|Any CPU.Build.0 = Debug|Any CPU
		{641A8733-0DAA-47B0-BC13-CD3EAE86D4A9}.Release|Any CPU.ActiveCfg = Release|Any CPU
		{641A8733-0DAA-47B0-BC13-CD3EAE86D4A9}.Release|Any CPU.Build.0 = Release|Any CPU
		{530316F3-A7A8-4D83-8E5B-C67B3E7E94A7}.Debug|Any CPU.ActiveCfg = Debug|Any CPU
		{530316F3-A7A8-4D83-8E5B-C67B3E7E94A7}.Debug|Any CPU.Build.0 = Debug|Any CPU
		{530316F3-A7A8-4D83-8E5B-C67B3E7E94A7}.Release|Any CPU.ActiveCfg = Release|Any CPU
		{530316F3-A7A8-4D83-8E5B-C67B3E7E94A7}.Release|Any CPU.Build.0 = Release|Any CPU
	EndGlobalSection
	GlobalSection(SolutionProperties) = preSolution
		HideSolutionNode = FALSE
	EndGlobalSection
	GlobalSection(NestedProjects) = preSolution
		{9C98CDE1-FEC0-4E8D-B052-DCAED085BE80} = {E77231D1-99F5-4211-A00F-8D5D25FA9F68}
		{E77231D1-99F5-4211-A00F-8D5D25FA9F68} = {D3B0656C-7ABF-4AFC-B74C-22A868175E8E}
		{605AC968-2A3A-4308-B922-3AB1B7282F39} = {D3B0656C-7ABF-4AFC-B74C-22A868175E8E}
		{ED61907B-B565-4E11-87B2-2319BB275088} = {D3B0656C-7ABF-4AFC-B74C-22A868175E8E}
		{BBE16F74-D936-45D8-B52B-FC62DCA4FCED} = {D3B0656C-7ABF-4AFC-B74C-22A868175E8E}
		{0D03A2C8-5A85-47C3-B667-233C3703E29B} = {605AC968-2A3A-4308-B922-3AB1B7282F39}
		{FB82B581-3408-4B41-8877-7AECF722D7A0} = {605AC968-2A3A-4308-B922-3AB1B7282F39}
		{641A8733-0DAA-47B0-BC13-CD3EAE86D4A9} = {ED61907B-B565-4E11-87B2-2319BB275088}
		{530316F3-A7A8-4D83-8E5B-C67B3E7E94A7} = {ED61907B-B565-4E11-87B2-2319BB275088}
	EndGlobalSection
	GlobalSection(ExtensibilityGlobals) = postSolution
		SolutionGuid = {FF25DDDB-2C7A-4663-AECA-968B9AA04452}
	EndGlobalSection
EndGlobal
